// !$*UTF8*$!
{
	archiveVersion = 1;
	classes = {
	};
	objectVersion = 55;
	objects = {

/* Begin PBXBuildFile section */
		DA0A11452784EA120035F9B5 /* FollowerListVC.swift in Sources */ = {isa = PBXBuildFile; fileRef = DA0A11442784EA120035F9B5 /* FollowerListVC.swift */; };
		DA0A11472784F3F60035F9B5 /* GFTitleLabel.swift in Sources */ = {isa = PBXBuildFile; fileRef = DA0A11462784F3F60035F9B5 /* GFTitleLabel.swift */; };
		DA0A11492784F7470035F9B5 /* GFBodyLabel.swift in Sources */ = {isa = PBXBuildFile; fileRef = DA0A11482784F7470035F9B5 /* GFBodyLabel.swift */; };
		DA0A114B2784F8350035F9B5 /* GFAlertVC.swift in Sources */ = {isa = PBXBuildFile; fileRef = DA0A114A2784F8350035F9B5 /* GFAlertVC.swift */; };
		DA0A114D278500550035F9B5 /* UIViewController+Ext.swift in Sources */ = {isa = PBXBuildFile; fileRef = DA0A114C278500550035F9B5 /* UIViewController+Ext.swift */; };
		DA8CF28D2783B82C00406C21 /* GFTextField.swift in Sources */ = {isa = PBXBuildFile; fileRef = DA8CF28C2783B82C00406C21 /* GFTextField.swift */; };
		DAE331B027877ABD00BF77F9 /* Follower.swift in Sources */ = {isa = PBXBuildFile; fileRef = DAE331AF27877ABD00BF77F9 /* Follower.swift */; };
		DAE331B227877B7500BF77F9 /* User.swift in Sources */ = {isa = PBXBuildFile; fileRef = DAE331B127877B7500BF77F9 /* User.swift */; };
		DAE331B52787848D00BF77F9 /* NetworkManager.swift in Sources */ = {isa = PBXBuildFile; fileRef = DAE331B42787848D00BF77F9 /* NetworkManager.swift */; };
		DAE331B827878E6B00BF77F9 /* ErrorMessage.swift in Sources */ = {isa = PBXBuildFile; fileRef = DAE331B727878E6B00BF77F9 /* ErrorMessage.swift */; };
		DAF76477278381E90080841A /* AppDelegate.swift in Sources */ = {isa = PBXBuildFile; fileRef = DAF76476278381E90080841A /* AppDelegate.swift */; };
		DAF76479278381E90080841A /* SceneDelegate.swift in Sources */ = {isa = PBXBuildFile; fileRef = DAF76478278381E90080841A /* SceneDelegate.swift */; };
		DAF76480278381EB0080841A /* Assets.xcassets in Resources */ = {isa = PBXBuildFile; fileRef = DAF7647F278381EB0080841A /* Assets.xcassets */; };
		DAF76483278381EB0080841A /* LaunchScreen.storyboard in Resources */ = {isa = PBXBuildFile; fileRef = DAF76481278381EB0080841A /* LaunchScreen.storyboard */; };
		DAF7648B278393F20080841A /* SearchVC.swift in Sources */ = {isa = PBXBuildFile; fileRef = DAF7648A278393F20080841A /* SearchVC.swift */; };
		DAF7648D278394220080841A /* FavoritesListVC.swift in Sources */ = {isa = PBXBuildFile; fileRef = DAF7648C278394220080841A /* FavoritesListVC.swift */; };
		DAF7648F2783A1640080841A /* GFButton.swift in Sources */ = {isa = PBXBuildFile; fileRef = DAF7648E2783A1640080841A /* GFButton.swift */; };
/* End PBXBuildFile section */

/* Begin PBXFileReference section */
		DA0A11442784EA120035F9B5 /* FollowerListVC.swift */ = {isa = PBXFileReference; lastKnownFileType = sourcecode.swift; path = FollowerListVC.swift; sourceTree = "<group>"; };
		DA0A11462784F3F60035F9B5 /* GFTitleLabel.swift */ = {isa = PBXFileReference; lastKnownFileType = sourcecode.swift; path = GFTitleLabel.swift; sourceTree = "<group>"; };
		DA0A11482784F7470035F9B5 /* GFBodyLabel.swift */ = {isa = PBXFileReference; lastKnownFileType = sourcecode.swift; path = GFBodyLabel.swift; sourceTree = "<group>"; };
		DA0A114A2784F8350035F9B5 /* GFAlertVC.swift */ = {isa = PBXFileReference; lastKnownFileType = sourcecode.swift; path = GFAlertVC.swift; sourceTree = "<group>"; };
		DA0A114C278500550035F9B5 /* UIViewController+Ext.swift */ = {isa = PBXFileReference; lastKnownFileType = sourcecode.swift; path = "UIViewController+Ext.swift"; sourceTree = "<group>"; };
		DA8CF28C2783B82C00406C21 /* GFTextField.swift */ = {isa = PBXFileReference; lastKnownFileType = sourcecode.swift; path = GFTextField.swift; sourceTree = "<group>"; };
		DAE331AF27877ABD00BF77F9 /* Follower.swift */ = {isa = PBXFileReference; lastKnownFileType = sourcecode.swift; path = Follower.swift; sourceTree = "<group>"; };
		DAE331B127877B7500BF77F9 /* User.swift */ = {isa = PBXFileReference; lastKnownFileType = sourcecode.swift; path = User.swift; sourceTree = "<group>"; };
		DAE331B42787848D00BF77F9 /* NetworkManager.swift */ = {isa = PBXFileReference; lastKnownFileType = sourcecode.swift; path = NetworkManager.swift; sourceTree = "<group>"; };
		DAE331B727878E6B00BF77F9 /* ErrorMessage.swift */ = {isa = PBXFileReference; lastKnownFileType = sourcecode.swift; path = ErrorMessage.swift; sourceTree = "<group>"; };
		DAF76473278381E90080841A /* GithubFollowers.app */ = {isa = PBXFileReference; explicitFileType = wrapper.application; includeInIndex = 0; path = GithubFollowers.app; sourceTree = BUILT_PRODUCTS_DIR; };
		DAF76476278381E90080841A /* AppDelegate.swift */ = {isa = PBXFileReference; lastKnownFileType = sourcecode.swift; path = AppDelegate.swift; sourceTree = "<group>"; };
		DAF76478278381E90080841A /* SceneDelegate.swift */ = {isa = PBXFileReference; lastKnownFileType = sourcecode.swift; path = SceneDelegate.swift; sourceTree = "<group>"; };
		DAF7647F278381EB0080841A /* Assets.xcassets */ = {isa = PBXFileReference; lastKnownFileType = folder.assetcatalog; path = Assets.xcassets; sourceTree = "<group>"; };
		DAF76482278381EB0080841A /* Base */ = {isa = PBXFileReference; lastKnownFileType = file.storyboard; name = Base; path = Base.lproj/LaunchScreen.storyboard; sourceTree = "<group>"; };
		DAF76484278381EB0080841A /* Info.plist */ = {isa = PBXFileReference; lastKnownFileType = text.plist.xml; path = Info.plist; sourceTree = "<group>"; };
		DAF7648A278393F20080841A /* SearchVC.swift */ = {isa = PBXFileReference; lastKnownFileType = sourcecode.swift; path = SearchVC.swift; sourceTree = "<group>"; };
		DAF7648C278394220080841A /* FavoritesListVC.swift */ = {isa = PBXFileReference; lastKnownFileType = sourcecode.swift; path = FavoritesListVC.swift; sourceTree = "<group>"; };
		DAF7648E2783A1640080841A /* GFButton.swift */ = {isa = PBXFileReference; lastKnownFileType = sourcecode.swift; path = GFButton.swift; sourceTree = "<group>"; };
/* End PBXFileReference section */

/* Begin PBXFrameworksBuildPhase section */
		DAF76470278381E90080841A /* Frameworks */ = {
			isa = PBXFrameworksBuildPhase;
			buildActionMask = 2147483647;
			files = (
			);
			runOnlyForDeploymentPostprocessing = 0;
		};
/* End PBXFrameworksBuildPhase section */

/* Begin PBXGroup section */
		DA0A114E2785059F0035F9B5 /* Screens */ = {
			isa = PBXGroup;
			children = (
				DA0A11442784EA120035F9B5 /* FollowerListVC.swift */,
				DAF7648C278394220080841A /* FavoritesListVC.swift */,
				DAF7648A278393F20080841A /* SearchVC.swift */,
			);
			path = Screens;
			sourceTree = "<group>";
		};
		DA0A114F278505DF0035F9B5 /* Custom Views */ = {
			isa = PBXGroup;
			children = (
				DA0A114A2784F8350035F9B5 /* GFAlertVC.swift */,
				DA8CF28C2783B82C00406C21 /* GFTextField.swift */,
				DA0A11482784F7470035F9B5 /* GFBodyLabel.swift */,
				DA0A11462784F3F60035F9B5 /* GFTitleLabel.swift */,
				DAF7648E2783A1640080841A /* GFButton.swift */,
			);
			path = "Custom Views";
			sourceTree = "<group>";
		};
		DA0A11502785060B0035F9B5 /* Extensions */ = {
			isa = PBXGroup;
			children = (
				DA0A114C278500550035F9B5 /* UIViewController+Ext.swift */,
			);
			path = Extensions;
			sourceTree = "<group>";
		};
		DA0A11512785066B0035F9B5 /* Support */ = {
			isa = PBXGroup;
			children = (
				DAF76478278381E90080841A /* SceneDelegate.swift */,
				DAF76476278381E90080841A /* AppDelegate.swift */,
			);
			path = Support;
			sourceTree = "<group>";
		};
		DAE331AE27877A9F00BF77F9 /* Model */ = {
			isa = PBXGroup;
			children = (
				DAE331AF27877ABD00BF77F9 /* Follower.swift */,
				DAE331B127877B7500BF77F9 /* User.swift */,
			);
			path = Model;
			sourceTree = "<group>";
		};
		DAE331B32787847200BF77F9 /* Managers */ = {
			isa = PBXGroup;
			children = (
				DAE331B42787848D00BF77F9 /* NetworkManager.swift */,
			);
			path = Managers;
			sourceTree = "<group>";
		};
		DAE331B627878E5500BF77F9 /* Utilities */ = {
			isa = PBXGroup;
			children = (
				DAE331B727878E6B00BF77F9 /* ErrorMessage.swift */,
			);
			path = Utilities;
			sourceTree = "<group>";
		};
		DAF7646A278381E90080841A = {
			isa = PBXGroup;
			children = (
				DAF76475278381E90080841A /* GithubFollowers */,
				DAF76474278381E90080841A /* Products */,
			);
			sourceTree = "<group>";
		};
		DAF76474278381E90080841A /* Products */ = {
			isa = PBXGroup;
			children = (
				DAF76473278381E90080841A /* GithubFollowers.app */,
			);
			name = Products;
			sourceTree = "<group>";
		};
		DAF76475278381E90080841A /* GithubFollowers */ = {
			isa = PBXGroup;
			children = (
				DAE331B627878E5500BF77F9 /* Utilities */,
				DAE331B32787847200BF77F9 /* Managers */,
				DAE331AE27877A9F00BF77F9 /* Model */,
				DA0A11512785066B0035F9B5 /* Support */,
				DA0A11502785060B0035F9B5 /* Extensions */,
				DA0A114F278505DF0035F9B5 /* Custom Views */,
				DA0A114E2785059F0035F9B5 /* Screens */,
				DAF7647F278381EB0080841A /* Assets.xcassets */,
				DAF76481278381EB0080841A /* LaunchScreen.storyboard */,
				DAF76484278381EB0080841A /* Info.plist */,
			);
			path = GithubFollowers;
			sourceTree = "<group>";
		};
/* End PBXGroup section */

/* Begin PBXNativeTarget section */
		DAF76472278381E90080841A /* GithubFollowers */ = {
			isa = PBXNativeTarget;
			buildConfigurationList = DAF76487278381EB0080841A /* Build configuration list for PBXNativeTarget "GithubFollowers" */;
			buildPhases = (
				DAF7646F278381E90080841A /* Sources */,
				DAF76470278381E90080841A /* Frameworks */,
				DAF76471278381E90080841A /* Resources */,
			);
			buildRules = (
			);
			dependencies = (
			);
			name = GithubFollowers;
			productName = GithubFollowers;
			productReference = DAF76473278381E90080841A /* GithubFollowers.app */;
			productType = "com.apple.product-type.application";
		};
/* End PBXNativeTarget section */

/* Begin PBXProject section */
		DAF7646B278381E90080841A /* Project object */ = {
			isa = PBXProject;
			attributes = {
				BuildIndependentTargetsInParallel = 1;
				LastSwiftUpdateCheck = 1320;
				LastUpgradeCheck = 1320;
				TargetAttributes = {
					DAF76472278381E90080841A = {
						CreatedOnToolsVersion = 13.2;
					};
				};
			};
			buildConfigurationList = DAF7646E278381E90080841A /* Build configuration list for PBXProject "GithubFollowers" */;
			compatibilityVersion = "Xcode 13.0";
			developmentRegion = en;
			hasScannedForEncodings = 0;
			knownRegions = (
				en,
				Base,
			);
			mainGroup = DAF7646A278381E90080841A;
			productRefGroup = DAF76474278381E90080841A /* Products */;
			projectDirPath = "";
			projectRoot = "";
			targets = (
				DAF76472278381E90080841A /* GithubFollowers */,
			);
		};
/* End PBXProject section */

/* Begin PBXResourcesBuildPhase section */
		DAF76471278381E90080841A /* Resources */ = {
			isa = PBXResourcesBuildPhase;
			buildActionMask = 2147483647;
			files = (
				DAF76483278381EB0080841A /* LaunchScreen.storyboard in Resources */,
				DAF76480278381EB0080841A /* Assets.xcassets in Resources */,
			);
			runOnlyForDeploymentPostprocessing = 0;
		};
/* End PBXResourcesBuildPhase section */

/* Begin PBXSourcesBuildPhase section */
		DAF7646F278381E90080841A /* Sources */ = {
			isa = PBXSourcesBuildPhase;
			buildActionMask = 2147483647;
			files = (
				DAE331B227877B7500BF77F9 /* User.swift in Sources */,
				DA8CF28D2783B82C00406C21 /* GFTextField.swift in Sources */,
				DAF7648D278394220080841A /* FavoritesListVC.swift in Sources */,
				DAF7648F2783A1640080841A /* GFButton.swift in Sources */,
				DA0A114D278500550035F9B5 /* UIViewController+Ext.swift in Sources */,
				DAF7648B278393F20080841A /* SearchVC.swift in Sources */,
				DA0A114B2784F8350035F9B5 /* GFAlertVC.swift in Sources */,
				DAE331B827878E6B00BF77F9 /* ErrorMessage.swift in Sources */,
				DA0A11492784F7470035F9B5 /* GFBodyLabel.swift in Sources */,
				DAE331B027877ABD00BF77F9 /* Follower.swift in Sources */,
				DA0A11472784F3F60035F9B5 /* GFTitleLabel.swift in Sources */,
				DAE331B52787848D00BF77F9 /* NetworkManager.swift in Sources */,
				DA0A11452784EA120035F9B5 /* FollowerListVC.swift in Sources */,
				DAF76477278381E90080841A /* AppDelegate.swift in Sources */,
				DAF76479278381E90080841A /* SceneDelegate.swift in Sources */,
			);
			runOnlyForDeploymentPostprocessing = 0;
		};
/* End PBXSourcesBuildPhase section */

/* Begin PBXVariantGroup section */
		DAF76481278381EB0080841A /* LaunchScreen.storyboard */ = {
			isa = PBXVariantGroup;
			children = (
				DAF76482278381EB0080841A /* Base */,
			);
			name = LaunchScreen.storyboard;
			sourceTree = "<group>";
		};
/* End PBXVariantGroup section */

/* Begin XCBuildConfiguration section */
		DAF76485278381EB0080841A /* Debug */ = {
			isa = XCBuildConfiguration;
			buildSettings = {
				ALWAYS_SEARCH_USER_PATHS = NO;
				CLANG_ANALYZER_NONNULL = YES;
				CLANG_ANALYZER_NUMBER_OBJECT_CONVERSION = YES_AGGRESSIVE;
				CLANG_CXX_LANGUAGE_STANDARD = "gnu++17";
				CLANG_CXX_LIBRARY = "libc++";
				CLANG_ENABLE_MODULES = YES;
				CLANG_ENABLE_OBJC_ARC = YES;
				CLANG_ENABLE_OBJC_WEAK = YES;
				CLANG_WARN_BLOCK_CAPTURE_AUTORELEASING = YES;
				CLANG_WARN_BOOL_CONVERSION = YES;
				CLANG_WARN_COMMA = YES;
				CLANG_WARN_CONSTANT_CONVERSION = YES;
				CLANG_WARN_DEPRECATED_OBJC_IMPLEMENTATIONS = YES;
				CLANG_WARN_DIRECT_OBJC_ISA_USAGE = YES_ERROR;
				CLANG_WARN_DOCUMENTATION_COMMENTS = YES;
				CLANG_WARN_EMPTY_BODY = YES;
				CLANG_WARN_ENUM_CONVERSION = YES;
				CLANG_WARN_INFINITE_RECURSION = YES;
				CLANG_WARN_INT_CONVERSION = YES;
				CLANG_WARN_NON_LITERAL_NULL_CONVERSION = YES;
				CLANG_WARN_OBJC_IMPLICIT_RETAIN_SELF = YES;
				CLANG_WARN_OBJC_LITERAL_CONVERSION = YES;
				CLANG_WARN_OBJC_ROOT_CLASS = YES_ERROR;
				CLANG_WARN_QUOTED_INCLUDE_IN_FRAMEWORK_HEADER = YES;
				CLANG_WARN_RANGE_LOOP_ANALYSIS = YES;
				CLANG_WARN_STRICT_PROTOTYPES = YES;
				CLANG_WARN_SUSPICIOUS_MOVE = YES;
				CLANG_WARN_UNGUARDED_AVAILABILITY = YES_AGGRESSIVE;
				CLANG_WARN_UNREACHABLE_CODE = YES;
				CLANG_WARN__DUPLICATE_METHOD_MATCH = YES;
				COPY_PHASE_STRIP = NO;
				DEBUG_INFORMATION_FORMAT = dwarf;
				ENABLE_STRICT_OBJC_MSGSEND = YES;
				ENABLE_TESTABILITY = YES;
				GCC_C_LANGUAGE_STANDARD = gnu11;
				GCC_DYNAMIC_NO_PIC = NO;
				GCC_NO_COMMON_BLOCKS = YES;
				GCC_OPTIMIZATION_LEVEL = 0;
				GCC_PREPROCESSOR_DEFINITIONS = (
					"DEBUG=1",
					"$(inherited)",
				);
				GCC_WARN_64_TO_32_BIT_CONVERSION = YES;
				GCC_WARN_ABOUT_RETURN_TYPE = YES_ERROR;
				GCC_WARN_UNDECLARED_SELECTOR = YES;
				GCC_WARN_UNINITIALIZED_AUTOS = YES_AGGRESSIVE;
				GCC_WARN_UNUSED_FUNCTION = YES;
				GCC_WARN_UNUSED_VARIABLE = YES;
				IPHONEOS_DEPLOYMENT_TARGET = 15.2;
				MTL_ENABLE_DEBUG_INFO = INCLUDE_SOURCE;
				MTL_FAST_MATH = YES;
				ONLY_ACTIVE_ARCH = YES;
				SDKROOT = iphoneos;
				SWIFT_ACTIVE_COMPILATION_CONDITIONS = DEBUG;
				SWIFT_OPTIMIZATION_LEVEL = "-Onone";
			};
			name = Debug;
		};
		DAF76486278381EB0080841A /* Release */ = {
			isa = XCBuildConfiguration;
			buildSettings = {
				ALWAYS_SEARCH_USER_PATHS = NO;
				CLANG_ANALYZER_NONNULL = YES;
				CLANG_ANALYZER_NUMBER_OBJECT_CONVERSION = YES_AGGRESSIVE;
				CLANG_CXX_LANGUAGE_STANDARD = "gnu++17";
				CLANG_CXX_LIBRARY = "libc++";
				CLANG_ENABLE_MODULES = YES;
				CLANG_ENABLE_OBJC_ARC = YES;
				CLANG_ENABLE_OBJC_WEAK = YES;
				CLANG_WARN_BLOCK_CAPTURE_AUTORELEASING = YES;
				CLANG_WARN_BOOL_CONVERSION = YES;
				CLANG_WARN_COMMA = YES;
				CLANG_WARN_CONSTANT_CONVERSION = YES;
				CLANG_WARN_DEPRECATED_OBJC_IMPLEMENTATIONS = YES;
				CLANG_WARN_DIRECT_OBJC_ISA_USAGE = YES_ERROR;
				CLANG_WARN_DOCUMENTATION_COMMENTS = YES;
				CLANG_WARN_EMPTY_BODY = YES;
				CLANG_WARN_ENUM_CONVERSION = YES;
				CLANG_WARN_INFINITE_RECURSION = YES;
				CLANG_WARN_INT_CONVERSION = YES;
				CLANG_WARN_NON_LITERAL_NULL_CONVERSION = YES;
				CLANG_WARN_OBJC_IMPLICIT_RETAIN_SELF = YES;
				CLANG_WARN_OBJC_LITERAL_CONVERSION = YES;
				CLANG_WARN_OBJC_ROOT_CLASS = YES_ERROR;
				CLANG_WARN_QUOTED_INCLUDE_IN_FRAMEWORK_HEADER = YES;
				CLANG_WARN_RANGE_LOOP_ANALYSIS = YES;
				CLANG_WARN_STRICT_PROTOTYPES = YES;
				CLANG_WARN_SUSPICIOUS_MOVE = YES;
				CLANG_WARN_UNGUARDED_AVAILABILITY = YES_AGGRESSIVE;
				CLANG_WARN_UNREACHABLE_CODE = YES;
				CLANG_WARN__DUPLICATE_METHOD_MATCH = YES;
				COPY_PHASE_STRIP = NO;
				DEBUG_INFORMATION_FORMAT = "dwarf-with-dsym";
				ENABLE_NS_ASSERTIONS = NO;
				ENABLE_STRICT_OBJC_MSGSEND = YES;
				GCC_C_LANGUAGE_STANDARD = gnu11;
				GCC_NO_COMMON_BLOCKS = YES;
				GCC_WARN_64_TO_32_BIT_CONVERSION = YES;
				GCC_WARN_ABOUT_RETURN_TYPE = YES_ERROR;
				GCC_WARN_UNDECLARED_SELECTOR = YES;
				GCC_WARN_UNINITIALIZED_AUTOS = YES_AGGRESSIVE;
				GCC_WARN_UNUSED_FUNCTION = YES;
				GCC_WARN_UNUSED_VARIABLE = YES;
				IPHONEOS_DEPLOYMENT_TARGET = 15.2;
				MTL_ENABLE_DEBUG_INFO = NO;
				MTL_FAST_MATH = YES;
				SDKROOT = iphoneos;
				SWIFT_COMPILATION_MODE = wholemodule;
				SWIFT_OPTIMIZATION_LEVEL = "-O";
				VALIDATE_PRODUCT = YES;
			};
			name = Release;
		};
		DAF76488278381EB0080841A /* Debug */ = {
			isa = XCBuildConfiguration;
			buildSettings = {
				ASSETCATALOG_COMPILER_APPICON_NAME = AppIcon;
				ASSETCATALOG_COMPILER_GLOBAL_ACCENT_COLOR_NAME = AccentColor;
				CODE_SIGN_STYLE = Automatic;
				CURRENT_PROJECT_VERSION = 1;
				DEVELOPMENT_TEAM = 2R2FT36K2N;
				GENERATE_INFOPLIST_FILE = YES;
				INFOPLIST_FILE = GithubFollowers/Info.plist;
				INFOPLIST_KEY_UIApplicationSupportsIndirectInputEvents = YES;
				INFOPLIST_KEY_UILaunchStoryboardName = LaunchScreen;
				INFOPLIST_KEY_UISupportedInterfaceOrientations_iPad = "UIInterfaceOrientationPortrait UIInterfaceOrientationPortraitUpsideDown UIInterfaceOrientationLandscapeLeft UIInterfaceOrientationLandscapeRight";
				INFOPLIST_KEY_UISupportedInterfaceOrientations_iPhone = "UIInterfaceOrientationPortrait UIInterfaceOrientationLandscapeLeft UIInterfaceOrientationLandscapeRight";
				LD_RUNPATH_SEARCH_PATHS = (
					"$(inherited)",
					"@executable_path/Frameworks",
				);
				MARKETING_VERSION = 1.0;
				PRODUCT_BUNDLE_IDENTIFIER = com.LandonHughesLLC.GithubFollowers;
				PRODUCT_NAME = "$(TARGET_NAME)";
				SWIFT_EMIT_LOC_STRINGS = YES;
				SWIFT_VERSION = 5.0;
				TARGETED_DEVICE_FAMILY = "1,2";
			};
			name = Debug;
		};
		DAF76489278381EB0080841A /* Release */ = {
			isa = XCBuildConfiguration;
			buildSettings = {
				ASSETCATALOG_COMPILER_APPICON_NAME = AppIcon;
				ASSETCATALOG_COMPILER_GLOBAL_ACCENT_COLOR_NAME = AccentColor;
				CODE_SIGN_STYLE = Automatic;
				CURRENT_PROJECT_VERSION = 1;
				DEVELOPMENT_TEAM = 2R2FT36K2N;
				GENERATE_INFOPLIST_FILE = YES;
				INFOPLIST_FILE = GithubFollowers/Info.plist;
				INFOPLIST_KEY_UIApplicationSupportsIndirectInputEvents = YES;
				INFOPLIST_KEY_UILaunchStoryboardName = LaunchScreen;
				INFOPLIST_KEY_UISupportedInterfaceOrientations_iPad = "UIInterfaceOrientationPortrait UIInterfaceOrientationPortraitUpsideDown UIInterfaceOrientationLandscapeLeft UIInterfaceOrientationLandscapeRight";
				INFOPLIST_KEY_UISupportedInterfaceOrientations_iPhone = "UIInterfaceOrientationPortrait UIInterfaceOrientationLandscapeLeft UIInterfaceOrientationLandscapeRight";
				LD_RUNPATH_SEARCH_PATHS = (
					"$(inherited)",
					"@executable_path/Frameworks",
				);
				MARKETING_VERSION = 1.0;
				PRODUCT_BUNDLE_IDENTIFIER = com.LandonHughesLLC.GithubFollowers;
				PRODUCT_NAME = "$(TARGET_NAME)";
				SWIFT_EMIT_LOC_STRINGS = YES;
				SWIFT_VERSION = 5.0;
				TARGETED_DEVICE_FAMILY = "1,2";
			};
			name = Release;
		};
/* End XCBuildConfiguration section */

/* Begin XCConfigurationList section */
		DAF7646E278381E90080841A /* Build configuration list for PBXProject "GithubFollowers" */ = {
			isa = XCConfigurationList;
			buildConfigurations = (
				DAF76485278381EB0080841A /* Debug */,
				DAF76486278381EB0080841A /* Release */,
			);
			defaultConfigurationIsVisible = 0;
			defaultConfigurationName = Release;
		};
		DAF76487278381EB0080841A /* Build configuration list for PBXNativeTarget "GithubFollowers" */ = {
			isa = XCConfigurationList;
			buildConfigurations = (
				DAF76488278381EB0080841A /* Debug */,
				DAF76489278381EB0080841A /* Release */,
			);
			defaultConfigurationIsVisible = 0;
			defaultConfigurationName = Release;
		};
/* End XCConfigurationList section */
	};
	rootObject = DAF7646B278381E90080841A /* Project object */;
}
